{
  "name": "java-2018f",
  "version": "1.0.0",
  "lockfileVersion": 1,
  "requires": true,
  "dependencies": {
    "reveal.js": {
      "version": "3.7.0",
      "resolved": "https://registry.npmjs.org/reveal.js/-/reveal.js-3.7.0.tgz",
      "integrity": "sha512-HTOTNhF5mQAw6fcsptk4oql/DEEUwTG0YHk/LzTNNx0/3IgvOQZqKzvlK/zNpqqKMLlhn1gH9Nvp+FFoc/e5/w=="
    },
    "reveal.js-chalkboard": {
      "version": "1.0.0",
      "resolved": "https://registry.npmjs.org/reveal.js-chalkboard/-/reveal.js-chalkboard-1.0.0.tgz",
      "integrity": "sha512-lSNmMiIbYo/1Bh2wF3JgWgAB6K60wI8GO5AJhO6sBTSVV5nRAQnlH6ybkzr8PnY+pbcjvsPsXVghFF7pt/2WIw=="
    },
    "reveal.js-menu": {
      "version": "1.1.3",
      "resolved": "https://registry.npmjs.org/reveal.js-menu/-/reveal.js-menu-1.1.3.tgz",
      "integrity": "sha512-kO1UVQj6RyAr6QL8bUgruI/xZl0rIb4OviJ4y0kNsZpSKoXvV87tIBDpFGManQlgrvhDoiW/STOiEGgJIIi1ag=="
    }
  }
}
